
Microsoft Visual Studio Solution File, Format Version 12.00
# Visual Studio Version 16
VisualStudioVersion = 16.0.33027.164
MinimumVisualStudioVersion = 10.0.40219.1
Project("{FAE04EC0-301F-11D3-BF4B-00C04F79EFBC}") = "Licao3", "Licao3\Licao3.csproj", "{D560CCEE-9C4F-4FD7-961D-C2734D129753}"
EndProject
Global
	GlobalSection(SolutionConfigurationPlatforms) = preSolution
		Debug|Any CPU = Debug|Any CPU
		Release|Any CPU = Release|Any CPU
	EndGlobalSection
	GlobalSection(ProjectConfigurationPlatforms) = postSolution
		{D560CCEE-9C4F-4FD7-961D-C2734D129753}.Debug|Any CPU.ActiveCfg = Debug|Any CPU
		{D560CCEE-9C4F-4FD7-961D-C2734D129753}.Debug|Any CPU.Build.0 = Debug|Any CPU
		{D560CCEE-9C4F-4FD7-961D-C2734D129753}.Release|Any CPU.ActiveCfg = Release|Any CPU
		{D560CCEE-9C4F-4FD7-961D-C2734D129753}.Release|Any CPU.Build.0 = Release|Any CPU
	EndGlobalSection
	GlobalSection(SolutionProperties) = preSolution
		HideSolutionNode = FALSE
	EndGlobalSection
	GlobalSection(ExtensibilityGlobals) = postSolution
		SolutionGuid = {4E301DCE-ED8C-431E-916D-86800067772A}
	EndGlobalSection
EndGlobal
